dependencies:
- name: nginx-ingress-controller
  repository: https://charts.bitnami.com/bitnami
  version: 5.3.24
- name: minio
  repository: https://helm.min.io/
  version: 5.0.32
- name: proxless
  repository: file://./vendored_charts/proxless
  version: 0.2.0
- name: cert-manager
  repository: https://charts.jetstack.io
  version: v0.15.0
- name: argo
  repository: https://argoproj.github.io/argo-helm
  version: 0.9.5
digest: sha256:98ebc150a0b899e8ef9eb99fbd4d64d226d342709514066e88e7fd7ec4f65dc7
generated: "2021-02-11T18:32:19.456109+01:00"
