dependencies:
- name: nginx-ingress-controller
  repository: https://charts.bitnami.com/bitnami
  version: 5.3.24
- name: minio
  repository: https://helm.min.io/
  version: 5.0.32
- name: proxless
  repository: file://./vendored_charts/proxless
  version: 0.2.0
- name: cert-manager
  repository: https://charts.jetstack.io
  version: v0.15.0
- name: argo
  repository: https://argoproj.github.io/argo-helm
  version: 0.9.5
digest: sha256:d917101403f731b95d64ab8bb6d83cc56d8c27b8f60c4d0db4ea2b440cba175e
generated: "2021-01-22T12:18:40.079016+01:00"
