dependencies:
- name: nginx-ingress-controller
  repository: https://charts.bitnami.com/bitnami
  version: 5.3.24
- name: minio
  repository: https://helm.min.io/
  version: 8.0.10
- name: proxless
  repository: https://bappr.github.io/proxless
  version: 0.2.0
digest: sha256:59837339e8ebaedd3432b755d269f33ce89ce0c8b337a96ce7c58ff5ce5d15e5
generated: "2021-03-06T18:15:59.852639+01:00"
